// !$*UTF8*$!
{
	archiveVersion = 1;
	classes = {
	};
	objectVersion = 46;
	objects = {

/* Begin PBXBuildFile section */
		5AA60E8B196620A100000BF0 /* Foundation.framework in Frameworks */ = {isa = PBXBuildFile; fileRef = 5AA60E8A196620A100000BF0 /* Foundation.framework */; };
		5AA60E8D196620A100000BF0 /* CoreGraphics.framework in Frameworks */ = {isa = PBXBuildFile; fileRef = 5AA60E8C196620A100000BF0 /* CoreGraphics.framework */; };
		5AA60E8F196620A100000BF0 /* UIKit.framework in Frameworks */ = {isa = PBXBuildFile; fileRef = 5AA60E8E196620A100000BF0 /* UIKit.framework */; };
		5AA60E95196620A100000BF0 /* InfoPlist.strings in Resources */ = {isa = PBXBuildFile; fileRef = 5AA60E93196620A100000BF0 /* InfoPlist.strings */; };
		5AA60E97196620A100000BF0 /* main.m in Sources */ = {isa = PBXBuildFile; fileRef = 5AA60E96196620A100000BF0 /* main.m */; };
		5AA60E9B196620A100000BF0 /* ECTAppDelegate.m in Sources */ = {isa = PBXBuildFile; fileRef = 5AA60E9A196620A100000BF0 /* ECTAppDelegate.m */; };
		5AA60E9D196620A100000BF0 /* Images.xcassets in Resources */ = {isa = PBXBuildFile; fileRef = 5AA60E9C196620A100000BF0 /* Images.xcassets */; };
		5AA60EA4196620A100000BF0 /* XCTest.framework in Frameworks */ = {isa = PBXBuildFile; fileRef = 5AA60EA3196620A100000BF0 /* XCTest.framework */; };
		5AA60EA5196620A100000BF0 /* Foundation.framework in Frameworks */ = {isa = PBXBuildFile; fileRef = 5AA60E8A196620A100000BF0 /* Foundation.framework */; };
		5AA60EA6196620A100000BF0 /* UIKit.framework in Frameworks */ = {isa = PBXBuildFile; fileRef = 5AA60E8E196620A100000BF0 /* UIKit.framework */; };
		5AA60EAE196620A200000BF0 /* InfoPlist.strings in Resources */ = {isa = PBXBuildFile; fileRef = 5AA60EAC196620A200000BF0 /* InfoPlist.strings */; };
		5AA60EB0196620A200000BF0 /* TestingsTests.m in Sources */ = {isa = PBXBuildFile; fileRef = 5AA60EAF196620A200000BF0 /* TestingsTests.m */; };
		5AA60EBC19666F3F00000BF0 /* ECTQuizViewController.m in Sources */ = {isa = PBXBuildFile; fileRef = 5AA60EBA19666F3F00000BF0 /* ECTQuizViewController.m */; };
		5AA60EBD19666F3F00000BF0 /* ECTQuizViewController.xib in Resources */ = {isa = PBXBuildFile; fileRef = 5AA60EBB19666F3F00000BF0 /* ECTQuizViewController.xib */; };
/* End PBXBuildFile section */

/* Begin PBXContainerItemProxy section */
		5AA60EA7196620A100000BF0 /* PBXContainerItemProxy */ = {
			isa = PBXContainerItemProxy;
			containerPortal = 5AA60E7F196620A100000BF0 /* Project object */;
			proxyType = 1;
			remoteGlobalIDString = 5AA60E86196620A100000BF0;
			remoteInfo = Testings;
		};
/* End PBXContainerItemProxy section */

/* Begin PBXFileReference section */
		5AA60E87196620A100000BF0 /* Testings.app */ = {isa = PBXFileReference; explicitFileType = wrapper.application; includeInIndex = 0; path = Testings.app; sourceTree = BUILT_PRODUCTS_DIR; };
		5AA60E8A196620A100000BF0 /* Foundation.framework */ = {isa = PBXFileReference; lastKnownFileType = wrapper.framework; name = Foundation.framework; path = System/Library/Frameworks/Foundation.framework; sourceTree = SDKROOT; };
		5AA60E8C196620A100000BF0 /* CoreGraphics.framework */ = {isa = PBXFileReference; lastKnownFileType = wrapper.framework; name = CoreGraphics.framework; path = System/Library/Frameworks/CoreGraphics.framework; sourceTree = SDKROOT; };
		5AA60E8E196620A100000BF0 /* UIKit.framework */ = {isa = PBXFileReference; lastKnownFileType = wrapper.framework; name = UIKit.framework; path = System/Library/Frameworks/UIKit.framework; sourceTree = SDKROOT; };
		5AA60E92196620A100000BF0 /* Testings-Info.plist */ = {isa = PBXFileReference; lastKnownFileType = text.plist.xml; path = "Testings-Info.plist"; sourceTree = "<group>"; };
		5AA60E94196620A100000BF0 /* en */ = {isa = PBXFileReference; lastKnownFileType = text.plist.strings; name = en; path = en.lproj/InfoPlist.strings; sourceTree = "<group>"; };
		5AA60E96196620A100000BF0 /* main.m */ = {isa = PBXFileReference; lastKnownFileType = sourcecode.c.objc; path = main.m; sourceTree = "<group>"; };
		5AA60E98196620A100000BF0 /* Testings-Prefix.pch */ = {isa = PBXFileReference; lastKnownFileType = sourcecode.c.h; path = "Testings-Prefix.pch"; sourceTree = "<group>"; };
		5AA60E99196620A100000BF0 /* ECTAppDelegate.h */ = {isa = PBXFileReference; lastKnownFileType = sourcecode.c.h; path = ECTAppDelegate.h; sourceTree = "<group>"; };
		5AA60E9A196620A100000BF0 /* ECTAppDelegate.m */ = {isa = PBXFileReference; lastKnownFileType = sourcecode.c.objc; path = ECTAppDelegate.m; sourceTree = "<group>"; };
		5AA60E9C196620A100000BF0 /* Images.xcassets */ = {isa = PBXFileReference; lastKnownFileType = folder.assetcatalog; path = Images.xcassets; sourceTree = "<group>"; };
		5AA60EA2196620A100000BF0 /* TestingsTests.xctest */ = {isa = PBXFileReference; explicitFileType = wrapper.cfbundle; includeInIndex = 0; path = TestingsTests.xctest; sourceTree = BUILT_PRODUCTS_DIR; };
		5AA60EA3196620A100000BF0 /* XCTest.framework */ = {isa = PBXFileReference; lastKnownFileType = wrapper.framework; name = XCTest.framework; path = Library/Frameworks/XCTest.framework; sourceTree = DEVELOPER_DIR; };
		5AA60EAB196620A200000BF0 /* TestingsTests-Info.plist */ = {isa = PBXFileReference; lastKnownFileType = text.plist.xml; path = "TestingsTests-Info.plist"; sourceTree = "<group>"; };
		5AA60EAD196620A200000BF0 /* en */ = {isa = PBXFileReference; lastKnownFileType = text.plist.strings; name = en; path = en.lproj/InfoPlist.strings; sourceTree = "<group>"; };
		5AA60EAF196620A200000BF0 /* TestingsTests.m */ = {isa = PBXFileReference; lastKnownFileType = sourcecode.c.objc; path = TestingsTests.m; sourceTree = "<group>"; };
		5AA60EB919666F3F00000BF0 /* ECTQuizViewController.h */ = {isa = PBXFileReference; fileEncoding = 4; lastKnownFileType = sourcecode.c.h; path = ECTQuizViewController.h; sourceTree = "<group>"; };
		5AA60EBA19666F3F00000BF0 /* ECTQuizViewController.m */ = {isa = PBXFileReference; fileEncoding = 4; lastKnownFileType = sourcecode.c.objc; path = ECTQuizViewController.m; sourceTree = "<group>"; };
		5AA60EBB19666F3F00000BF0 /* ECTQuizViewController.xib */ = {isa = PBXFileReference; fileEncoding = 4; lastKnownFileType = file.xib; path = ECTQuizViewController.xib; sourceTree = "<group>"; };
/* End PBXFileReference section */

/* Begin PBXFrameworksBuildPhase section */
		5AA60E84196620A100000BF0 /* Frameworks */ = {
			isa = PBXFrameworksBuildPhase;
			buildActionMask = 2147483647;
			files = (
				5AA60E8D196620A100000BF0 /* CoreGraphics.framework in Frameworks */,
				5AA60E8F196620A100000BF0 /* UIKit.framework in Frameworks */,
				5AA60E8B196620A100000BF0 /* Foundation.framework in Frameworks */,
			);
			runOnlyForDeploymentPostprocessing = 0;
		};
		5AA60E9F196620A100000BF0 /* Frameworks */ = {
			isa = PBXFrameworksBuildPhase;
			buildActionMask = 2147483647;
			files = (
				5AA60EA4196620A100000BF0 /* XCTest.framework in Frameworks */,
				5AA60EA6196620A100000BF0 /* UIKit.framework in Frameworks */,
				5AA60EA5196620A100000BF0 /* Foundation.framework in Frameworks */,
			);
			runOnlyForDeploymentPostprocessing = 0;
		};
/* End PBXFrameworksBuildPhase section */

/* Begin PBXGroup section */
		5AA60E7E196620A100000BF0 = {
			isa = PBXGroup;
			children = (
				5AA60E90196620A100000BF0 /* Testings */,
				5AA60EA9196620A100000BF0 /* TestingsTests */,
				5AA60E89196620A100000BF0 /* Frameworks */,
				5AA60E88196620A100000BF0 /* Products */,
			);
			sourceTree = "<group>";
		};
		5AA60E88196620A100000BF0 /* Products */ = {
			isa = PBXGroup;
			children = (
				5AA60E87196620A100000BF0 /* Testings.app */,
				5AA60EA2196620A100000BF0 /* TestingsTests.xctest */,
			);
			name = Products;
			sourceTree = "<group>";
		};
		5AA60E89196620A100000BF0 /* Frameworks */ = {
			isa = PBXGroup;
			children = (
				5AA60E8A196620A100000BF0 /* Foundation.framework */,
				5AA60E8C196620A100000BF0 /* CoreGraphics.framework */,
				5AA60E8E196620A100000BF0 /* UIKit.framework */,
				5AA60EA3196620A100000BF0 /* XCTest.framework */,
			);
			name = Frameworks;
			sourceTree = "<group>";
		};
		5AA60E90196620A100000BF0 /* Testings */ = {
			isa = PBXGroup;
			children = (
				5AA60E99196620A100000BF0 /* ECTAppDelegate.h */,
				5AA60E9A196620A100000BF0 /* ECTAppDelegate.m */,
				5AA60EBE19666F4900000BF0 /* ViewControllers */,
				5AA60E9C196620A100000BF0 /* Images.xcassets */,
				5AA60E91196620A100000BF0 /* Supporting Files */,
			);
			path = Testings;
			sourceTree = "<group>";
		};
		5AA60E91196620A100000BF0 /* Supporting Files */ = {
			isa = PBXGroup;
			children = (
				5AA60E92196620A100000BF0 /* Testings-Info.plist */,
				5AA60E93196620A100000BF0 /* InfoPlist.strings */,
				5AA60E96196620A100000BF0 /* main.m */,
				5AA60E98196620A100000BF0 /* Testings-Prefix.pch */,
			);
			name = "Supporting Files";
			sourceTree = "<group>";
		};
		5AA60EA9196620A100000BF0 /* TestingsTests */ = {
			isa = PBXGroup;
			children = (
				5AA60EAF196620A200000BF0 /* TestingsTests.m */,
				5AA60EAA196620A200000BF0 /* Supporting Files */,
			);
			path = TestingsTests;
			sourceTree = "<group>";
		};
		5AA60EAA196620A200000BF0 /* Supporting Files */ = {
			isa = PBXGroup;
			children = (
				5AA60EAB196620A200000BF0 /* TestingsTests-Info.plist */,
				5AA60EAC196620A200000BF0 /* InfoPlist.strings */,
			);
			name = "Supporting Files";
			sourceTree = "<group>";
		};
		5AA60EBE19666F4900000BF0 /* ViewControllers */ = {
			isa = PBXGroup;
			children = (
				5AA60EB919666F3F00000BF0 /* ECTQuizViewController.h */,
				5AA60EBA19666F3F00000BF0 /* ECTQuizViewController.m */,
				5AA60EBB19666F3F00000BF0 /* ECTQuizViewController.xib */,
			);
			name = ViewControllers;
			sourceTree = "<group>";
		};
/* End PBXGroup section */

/* Begin PBXNativeTarget section */
		5AA60E86196620A100000BF0 /* Testings */ = {
			isa = PBXNativeTarget;
			buildConfigurationList = 5AA60EB3196620A200000BF0 /* Build configuration list for PBXNativeTarget "Testings" */;
			buildPhases = (
				5AA60E83196620A100000BF0 /* Sources */,
				5AA60E84196620A100000BF0 /* Frameworks */,
				5AA60E85196620A100000BF0 /* Resources */,
			);
			buildRules = (
			);
			dependencies = (
			);
			name = Testings;
			productName = Testings;
			productReference = 5AA60E87196620A100000BF0 /* Testings.app */;
			productType = "com.apple.product-type.application";
		};
		5AA60EA1196620A100000BF0 /* TestingsTests */ = {
			isa = PBXNativeTarget;
			buildConfigurationList = 5AA60EB6196620A200000BF0 /* Build configuration list for PBXNativeTarget "TestingsTests" */;
			buildPhases = (
				5AA60E9E196620A100000BF0 /* Sources */,
				5AA60E9F196620A100000BF0 /* Frameworks */,
				5AA60EA0196620A100000BF0 /* Resources */,
			);
			buildRules = (
			);
			dependencies = (
				5AA60EA8196620A100000BF0 /* PBXTargetDependency */,
			);
			name = TestingsTests;
			productName = TestingsTests;
			productReference = 5AA60EA2196620A100000BF0 /* TestingsTests.xctest */;
			productType = "com.apple.product-type.bundle.unit-test";
		};
/* End PBXNativeTarget section */

/* Begin PBXProject section */
		5AA60E7F196620A100000BF0 /* Project object */ = {
			isa = PBXProject;
			attributes = {
				CLASSPREFIX = ECT;
				LastUpgradeCheck = 0510;
				ORGANIZATIONNAME = ExcepApps;
				TargetAttributes = {
					5AA60EA1196620A100000BF0 = {
						TestTargetID = 5AA60E86196620A100000BF0;
					};
				};
			};
			buildConfigurationList = 5AA60E82196620A100000BF0 /* Build configuration list for PBXProject "Testings" */;
			compatibilityVersion = "Xcode 3.2";
			developmentRegion = English;
			hasScannedForEncodings = 0;
			knownRegions = (
				en,
			);
			mainGroup = 5AA60E7E196620A100000BF0;
			productRefGroup = 5AA60E88196620A100000BF0 /* Products */;
			projectDirPath = "";
			projectRoot = "";
			targets = (
				5AA60E86196620A100000BF0 /* Testings */,
				5AA60EA1196620A100000BF0 /* TestingsTests */,
			);
		};
/* End PBXProject section */

/* Begin PBXResourcesBuildPhase section */
		5AA60E85196620A100000BF0 /* Resources */ = {
			isa = PBXResourcesBuildPhase;
			buildActionMask = 2147483647;
			files = (
				5AA60E95196620A100000BF0 /* InfoPlist.strings in Resources */,
				5AA60EBD19666F3F00000BF0 /* ECTQuizViewController.xib in Resources */,
				5AA60E9D196620A100000BF0 /* Images.xcassets in Resources */,
			);
			runOnlyForDeploymentPostprocessing = 0;
		};
		5AA60EA0196620A100000BF0 /* Resources */ = {
			isa = PBXResourcesBuildPhase;
			buildActionMask = 2147483647;
			files = (
				5AA60EAE196620A200000BF0 /* InfoPlist.strings in Resources */,
			);
			runOnlyForDeploymentPostprocessing = 0;
		};
/* End PBXResourcesBuildPhase section */

/* Begin PBXSourcesBuildPhase section */
		5AA60E83196620A100000BF0 /* Sources */ = {
			isa = PBXSourcesBuildPhase;
			buildActionMask = 2147483647;
			files = (
				5AA60E97196620A100000BF0 /* main.m in Sources */,
				5AA60EBC19666F3F00000BF0 /* ECTQuizViewController.m in Sources */,
				5AA60E9B196620A100000BF0 /* ECTAppDelegate.m in Sources */,
			);
			runOnlyForDeploymentPostprocessing = 0;
		};
		5AA60E9E196620A100000BF0 /* Sources */ = {
			isa = PBXSourcesBuildPhase;
			buildActionMask = 2147483647;
			files = (
				5AA60EB0196620A200000BF0 /* TestingsTests.m in Sources */,
			);
			runOnlyForDeploymentPostprocessing = 0;
		};
/* End PBXSourcesBuildPhase section */

/* Begin PBXTargetDependency section */
		5AA60EA8196620A100000BF0 /* PBXTargetDependency */ = {
			isa = PBXTargetDependency;
			target = 5AA60E86196620A100000BF0 /* Testings */;
			targetProxy = 5AA60EA7196620A100000BF0 /* PBXContainerItemProxy */;
		};
/* End PBXTargetDependency section */

/* Begin PBXVariantGroup section */
		5AA60E93196620A100000BF0 /* InfoPlist.strings */ = {
			isa = PBXVariantGroup;
			children = (
				5AA60E94196620A100000BF0 /* en */,
			);
			name = InfoPlist.strings;
			sourceTree = "<group>";
		};
		5AA60EAC196620A200000BF0 /* InfoPlist.strings */ = {
			isa = PBXVariantGroup;
			children = (
				5AA60EAD196620A200000BF0 /* en */,
			);
			name = InfoPlist.strings;
			sourceTree = "<group>";
		};
/* End PBXVariantGroup section */

/* Begin XCBuildConfiguration section */
		5AA60EB1196620A200000BF0 /* Debug */ = {
			isa = XCBuildConfiguration;
			buildSettings = {
				ALWAYS_SEARCH_USER_PATHS = NO;
				CLANG_CXX_LANGUAGE_STANDARD = "gnu++0x";
				CLANG_CXX_LIBRARY = "libc++";
				CLANG_ENABLE_MODULES = YES;
				CLANG_ENABLE_OBJC_ARC = YES;
				CLANG_WARN_BOOL_CONVERSION = YES;
				CLANG_WARN_CONSTANT_CONVERSION = YES;
				CLANG_WARN_DIRECT_OBJC_ISA_USAGE = YES_ERROR;
				CLANG_WARN_EMPTY_BODY = YES;
				CLANG_WARN_ENUM_CONVERSION = YES;
				CLANG_WARN_INT_CONVERSION = YES;
				CLANG_WARN_OBJC_ROOT_CLASS = YES_ERROR;
				CLANG_WARN__DUPLICATE_METHOD_MATCH = YES;
				"CODE_SIGN_IDENTITY[sdk=iphoneos*]" = "iPhone Developer";
				COPY_PHASE_STRIP = NO;
				GCC_C_LANGUAGE_STANDARD = gnu99;
				GCC_DYNAMIC_NO_PIC = NO;
				GCC_OPTIMIZATION_LEVEL = 0;
				GCC_PREPROCESSOR_DEFINITIONS = (
					"DEBUG=1",
					"$(inherited)",
				);
				GCC_SYMBOLS_PRIVATE_EXTERN = NO;
				GCC_WARN_64_TO_32_BIT_CONVERSION = YES;
				GCC_WARN_ABOUT_RETURN_TYPE = YES_ERROR;
				GCC_WARN_UNDECLARED_SELECTOR = YES;
				GCC_WARN_UNINITIALIZED_AUTOS = YES_AGGRESSIVE;
				GCC_WARN_UNUSED_FUNCTION = YES;
				GCC_WARN_UNUSED_VARIABLE = YES;
				IPHONEOS_DEPLOYMENT_TARGET = 7.1;
				ONLY_ACTIVE_ARCH = YES;
				SDKROOT = iphoneos;
			};
			name = Debug;
		};
		5AA60EB2196620A200000BF0 /* Release */ = {
			isa = XCBuildConfiguration;
			buildSettings = {
				ALWAYS_SEARCH_USER_PATHS = NO;
				CLANG_CXX_LANGUAGE_STANDARD = "gnu++0x";
				CLANG_CXX_LIBRARY = "libc++";
				CLANG_ENABLE_MODULES = YES;
				CLANG_ENABLE_OBJC_ARC = YES;
				CLANG_WARN_BOOL_CONVERSION = YES;
				CLANG_WARN_CONSTANT_CONVERSION = YES;
				CLANG_WARN_DIRECT_OBJC_ISA_USAGE = YES_ERROR;
				CLANG_WARN_EMPTY_BODY = YES;
				CLANG_WARN_ENUM_CONVERSION = YES;
				CLANG_WARN_INT_CONVERSION = YES;
				CLANG_WARN_OBJC_ROOT_CLASS = YES_ERROR;
				CLANG_WARN__DUPLICATE_METHOD_MATCH = YES;
				"CODE_SIGN_IDENTITY[sdk=iphoneos*]" = "iPhone Developer";
				COPY_PHASE_STRIP = YES;
				ENABLE_NS_ASSERTIONS = NO;
				GCC_C_LANGUAGE_STANDARD = gnu99;
				GCC_WARN_64_TO_32_BIT_CONVERSION = YES;
				GCC_WARN_ABOUT_RETURN_TYPE = YES_ERROR;
				GCC_WARN_UNDECLARED_SELECTOR = YES;
				GCC_WARN_UNINITIALIZED_AUTOS = YES_AGGRESSIVE;
				GCC_WARN_UNUSED_FUNCTION = YES;
				GCC_WARN_UNUSED_VARIABLE = YES;
				IPHONEOS_DEPLOYMENT_TARGET = 7.1;
				SDKROOT = iphoneos;
				VALIDATE_PRODUCT = YES;
			};
			name = Release;
		};
		5AA60EB4196620A200000BF0 /* Debug */ = {
			isa = XCBuildConfiguration;
			buildSettings = {
				ASSETCATALOG_COMPILER_APPICON_NAME = AppIcon;
				ASSETCATALOG_COMPILER_LAUNCHIMAGE_NAME = LaunchImage;
				GCC_PRECOMPILE_PREFIX_HEADER = YES;
				GCC_PREFIX_HEADER = "Testings/Testings-Prefix.pch";
				INFOPLIST_FILE = "Testings/Testings-Info.plist";
				PRODUCT_NAME = "$(TARGET_NAME)";
				WRAPPER_EXTENSION = app;
			};
			name = Debug;
		};
		5AA60EB5196620A200000BF0 /* Release */ = {
			isa = XCBuildConfiguration;
			buildSettings = {
				ASSETCATALOG_COMPILER_APPICON_NAME = AppIcon;
				ASSETCATALOG_COMPILER_LAUNCHIMAGE_NAME = LaunchImage;
				GCC_PRECOMPILE_PREFIX_HEADER = YES;
				GCC_PREFIX_HEADER = "Testings/Testings-Prefix.pch";
				INFOPLIST_FILE = "Testings/Testings-Info.plist";
				PRODUCT_NAME = "$(TARGET_NAME)";
				WRAPPER_EXTENSION = app;
			};
			name = Release;
		};
		5AA60EB7196620A200000BF0 /* Debug */ = {
			isa = XCBuildConfiguration;
			buildSettings = {
				BUNDLE_LOADER = "$(BUILT_PRODUCTS_DIR)/Testings.app/Testings";
				FRAMEWORK_SEARCH_PATHS = (
					"$(SDKROOT)/Developer/Library/Frameworks",
					"$(inherited)",
					"$(DEVELOPER_FRAMEWORKS_DIR)",
				);
				GCC_PRECOMPILE_PREFIX_HEADER = YES;
				GCC_PREFIX_HEADER = "Testings/Testings-Prefix.pch";
				GCC_PREPROCESSOR_DEFINITIONS = (
					"DEBUG=1",
					"$(inherited)",
				);
				INFOPLIST_FILE = "TestingsTests/TestingsTests-Info.plist";
				PRODUCT_NAME = "$(TARGET_NAME)";
				TEST_HOST = "$(BUNDLE_LOADER)";
				WRAPPER_EXTENSION = xctest;
			};
			name = Debug;
		};
		5AA60EB8196620A200000BF0 /* Release */ = {
			isa = XCBuildConfiguration;
			buildSettings = {
				BUNDLE_LOADER = "$(BUILT_PRODUCTS_DIR)/Testings.app/Testings";
				FRAMEWORK_SEARCH_PATHS = (
					"$(SDKROOT)/Developer/Library/Frameworks",
					"$(inherited)",
					"$(DEVELOPER_FRAMEWORKS_DIR)",
				);
				GCC_PRECOMPILE_PREFIX_HEADER = YES;
				GCC_PREFIX_HEADER = "Testings/Testings-Prefix.pch";
				INFOPLIST_FILE = "TestingsTests/TestingsTests-Info.plist";
				PRODUCT_NAME = "$(TARGET_NAME)";
				TEST_HOST = "$(BUNDLE_LOADER)";
				WRAPPER_EXTENSION = xctest;
			};
			name = Release;
		};
/* End XCBuildConfiguration section */

/* Begin XCConfigurationList section */
		5AA60E82196620A100000BF0 /* Build configuration list for PBXProject "Testings" */ = {
			isa = XCConfigurationList;
			buildConfigurations = (
				5AA60EB1196620A200000BF0 /* Debug */,
				5AA60EB2196620A200000BF0 /* Release */,
			);
			defaultConfigurationIsVisible = 0;
			defaultConfigurationName = Release;
		};
		5AA60EB3196620A200000BF0 /* Build configuration list for PBXNativeTarget "Testings" */ = {
			isa = XCConfigurationList;
			buildConfigurations = (
				5AA60EB4196620A200000BF0 /* Debug */,
				5AA60EB5196620A200000BF0 /* Release */,
			);
			defaultConfigurationIsVisible = 0;
		};
		5AA60EB6196620A200000BF0 /* Build configuration list for PBXNativeTarget "TestingsTests" */ = {
			isa = XCConfigurationList;
			buildConfigurations = (
				5AA60EB7196620A200000BF0 /* Debug */,
				5AA60EB8196620A200000BF0 /* Release */,
			);
			defaultConfigurationIsVisible = 0;
		};
/* End XCConfigurationList section */
	};
	rootObject = 5AA60E7F196620A100000BF0 /* Project object */;
}
