// !$*UTF8*$!
{
	archiveVersion = 1;
	classes = {
	};
	objectVersion = 46;
	objects = {

/* Begin PBXBuildFile section */
		5AAC07031974913100352DC0 /* Foundation.framework in Frameworks */ = {isa = PBXBuildFile; fileRef = 5AAC07021974913100352DC0 /* Foundation.framework */; };
		5AAC07051974913100352DC0 /* CoreGraphics.framework in Frameworks */ = {isa = PBXBuildFile; fileRef = 5AAC07041974913100352DC0 /* CoreGraphics.framework */; };
		5AAC07071974913100352DC0 /* UIKit.framework in Frameworks */ = {isa = PBXBuildFile; fileRef = 5AAC07061974913100352DC0 /* UIKit.framework */; };
		5AAC070D1974913100352DC0 /* InfoPlist.strings in Resources */ = {isa = PBXBuildFile; fileRef = 5AAC070B1974913100352DC0 /* InfoPlist.strings */; };
		5AAC070F1974913100352DC0 /* main.m in Sources */ = {isa = PBXBuildFile; fileRef = 5AAC070E1974913100352DC0 /* main.m */; };
		5AAC07131974913100352DC0 /* ECTAppDelegate.m in Sources */ = {isa = PBXBuildFile; fileRef = 5AAC07121974913100352DC0 /* ECTAppDelegate.m */; };
		5AAC07151974913100352DC0 /* Images.xcassets in Resources */ = {isa = PBXBuildFile; fileRef = 5AAC07141974913100352DC0 /* Images.xcassets */; };
		5AAC071C1974913100352DC0 /* XCTest.framework in Frameworks */ = {isa = PBXBuildFile; fileRef = 5AAC071B1974913100352DC0 /* XCTest.framework */; };
		5AAC071D1974913100352DC0 /* Foundation.framework in Frameworks */ = {isa = PBXBuildFile; fileRef = 5AAC07021974913100352DC0 /* Foundation.framework */; };
		5AAC071E1974913100352DC0 /* UIKit.framework in Frameworks */ = {isa = PBXBuildFile; fileRef = 5AAC07061974913100352DC0 /* UIKit.framework */; };
		5AAC07261974913100352DC0 /* InfoPlist.strings in Resources */ = {isa = PBXBuildFile; fileRef = 5AAC07241974913100352DC0 /* InfoPlist.strings */; };
		5AAC07281974913100352DC0 /* aacBetaTests.m in Sources */ = {isa = PBXBuildFile; fileRef = 5AAC07271974913100352DC0 /* aacBetaTests.m */; };
		5AAC0733197491CB00352DC0 /* ECTViewController.m in Sources */ = {isa = PBXBuildFile; fileRef = 5AAC0732197491CB00352DC0 /* ECTViewController.m */; };
		5AAC07351974CD2C00352DC0 /* QuartzCore.framework in Frameworks */ = {isa = PBXBuildFile; fileRef = 5AAC07341974CD2C00352DC0 /* QuartzCore.framework */; };
/* End PBXBuildFile section */

/* Begin PBXContainerItemProxy section */
		5AAC071F1974913100352DC0 /* PBXContainerItemProxy */ = {
			isa = PBXContainerItemProxy;
			containerPortal = 5AAC06F71974913100352DC0 /* Project object */;
			proxyType = 1;
			remoteGlobalIDString = 5AAC06FE1974913100352DC0;
			remoteInfo = aacBeta;
		};
/* End PBXContainerItemProxy section */

/* Begin PBXFileReference section */
		5AAC06FF1974913100352DC0 /* aacBeta.app */ = {isa = PBXFileReference; explicitFileType = wrapper.application; includeInIndex = 0; path = aacBeta.app; sourceTree = BUILT_PRODUCTS_DIR; };
		5AAC07021974913100352DC0 /* Foundation.framework */ = {isa = PBXFileReference; lastKnownFileType = wrapper.framework; name = Foundation.framework; path = System/Library/Frameworks/Foundation.framework; sourceTree = SDKROOT; };
		5AAC07041974913100352DC0 /* CoreGraphics.framework */ = {isa = PBXFileReference; lastKnownFileType = wrapper.framework; name = CoreGraphics.framework; path = System/Library/Frameworks/CoreGraphics.framework; sourceTree = SDKROOT; };
		5AAC07061974913100352DC0 /* UIKit.framework */ = {isa = PBXFileReference; lastKnownFileType = wrapper.framework; name = UIKit.framework; path = System/Library/Frameworks/UIKit.framework; sourceTree = SDKROOT; };
		5AAC070A1974913100352DC0 /* aacBeta-Info.plist */ = {isa = PBXFileReference; lastKnownFileType = text.plist.xml; path = "aacBeta-Info.plist"; sourceTree = "<group>"; };
		5AAC070C1974913100352DC0 /* en */ = {isa = PBXFileReference; lastKnownFileType = text.plist.strings; name = en; path = en.lproj/InfoPlist.strings; sourceTree = "<group>"; };
		5AAC070E1974913100352DC0 /* main.m */ = {isa = PBXFileReference; lastKnownFileType = sourcecode.c.objc; path = main.m; sourceTree = "<group>"; };
		5AAC07101974913100352DC0 /* aacBeta-Prefix.pch */ = {isa = PBXFileReference; lastKnownFileType = sourcecode.c.h; path = "aacBeta-Prefix.pch"; sourceTree = "<group>"; };
		5AAC07111974913100352DC0 /* ECTAppDelegate.h */ = {isa = PBXFileReference; lastKnownFileType = sourcecode.c.h; path = ECTAppDelegate.h; sourceTree = "<group>"; };
		5AAC07121974913100352DC0 /* ECTAppDelegate.m */ = {isa = PBXFileReference; lastKnownFileType = sourcecode.c.objc; path = ECTAppDelegate.m; sourceTree = "<group>"; };
		5AAC07141974913100352DC0 /* Images.xcassets */ = {isa = PBXFileReference; lastKnownFileType = folder.assetcatalog; path = Images.xcassets; sourceTree = "<group>"; };
		5AAC071A1974913100352DC0 /* aacBetaTests.xctest */ = {isa = PBXFileReference; explicitFileType = wrapper.cfbundle; includeInIndex = 0; path = aacBetaTests.xctest; sourceTree = BUILT_PRODUCTS_DIR; };
		5AAC071B1974913100352DC0 /* XCTest.framework */ = {isa = PBXFileReference; lastKnownFileType = wrapper.framework; name = XCTest.framework; path = Library/Frameworks/XCTest.framework; sourceTree = DEVELOPER_DIR; };
		5AAC07231974913100352DC0 /* aacBetaTests-Info.plist */ = {isa = PBXFileReference; lastKnownFileType = text.plist.xml; path = "aacBetaTests-Info.plist"; sourceTree = "<group>"; };
		5AAC07251974913100352DC0 /* en */ = {isa = PBXFileReference; lastKnownFileType = text.plist.strings; name = en; path = en.lproj/InfoPlist.strings; sourceTree = "<group>"; };
		5AAC07271974913100352DC0 /* aacBetaTests.m */ = {isa = PBXFileReference; lastKnownFileType = sourcecode.c.objc; path = aacBetaTests.m; sourceTree = "<group>"; };
		5AAC0731197491CB00352DC0 /* ECTViewController.h */ = {isa = PBXFileReference; fileEncoding = 4; lastKnownFileType = sourcecode.c.h; path = ECTViewController.h; sourceTree = "<group>"; };
		5AAC0732197491CB00352DC0 /* ECTViewController.m */ = {isa = PBXFileReference; fileEncoding = 4; lastKnownFileType = sourcecode.c.objc; path = ECTViewController.m; sourceTree = "<group>"; };
		5AAC07341974CD2C00352DC0 /* QuartzCore.framework */ = {isa = PBXFileReference; lastKnownFileType = wrapper.framework; name = QuartzCore.framework; path = System/Library/Frameworks/QuartzCore.framework; sourceTree = SDKROOT; };
/* End PBXFileReference section */

/* Begin PBXFrameworksBuildPhase section */
		5AAC06FC1974913100352DC0 /* Frameworks */ = {
			isa = PBXFrameworksBuildPhase;
			buildActionMask = 2147483647;
			files = (
				5AAC07351974CD2C00352DC0 /* QuartzCore.framework in Frameworks */,
				5AAC07051974913100352DC0 /* CoreGraphics.framework in Frameworks */,
				5AAC07071974913100352DC0 /* UIKit.framework in Frameworks */,
				5AAC07031974913100352DC0 /* Foundation.framework in Frameworks */,
			);
			runOnlyForDeploymentPostprocessing = 0;
		};
		5AAC07171974913100352DC0 /* Frameworks */ = {
			isa = PBXFrameworksBuildPhase;
			buildActionMask = 2147483647;
			files = (
				5AAC071C1974913100352DC0 /* XCTest.framework in Frameworks */,
				5AAC071E1974913100352DC0 /* UIKit.framework in Frameworks */,
				5AAC071D1974913100352DC0 /* Foundation.framework in Frameworks */,
			);
			runOnlyForDeploymentPostprocessing = 0;
		};
/* End PBXFrameworksBuildPhase section */

/* Begin PBXGroup section */
		5AAC06F61974913100352DC0 = {
			isa = PBXGroup;
			children = (
				5AAC07081974913100352DC0 /* aacBeta */,
				5AAC07211974913100352DC0 /* aacBetaTests */,
				5AAC07011974913100352DC0 /* Frameworks */,
				5AAC07001974913100352DC0 /* Products */,
			);
			sourceTree = "<group>";
		};
		5AAC07001974913100352DC0 /* Products */ = {
			isa = PBXGroup;
			children = (
				5AAC06FF1974913100352DC0 /* aacBeta.app */,
				5AAC071A1974913100352DC0 /* aacBetaTests.xctest */,
			);
			name = Products;
			sourceTree = "<group>";
		};
		5AAC07011974913100352DC0 /* Frameworks */ = {
			isa = PBXGroup;
			children = (
				5AAC07341974CD2C00352DC0 /* QuartzCore.framework */,
				5AAC07021974913100352DC0 /* Foundation.framework */,
				5AAC07041974913100352DC0 /* CoreGraphics.framework */,
				5AAC07061974913100352DC0 /* UIKit.framework */,
				5AAC071B1974913100352DC0 /* XCTest.framework */,
			);
			name = Frameworks;
			sourceTree = "<group>";
		};
		5AAC07081974913100352DC0 /* aacBeta */ = {
			isa = PBXGroup;
			children = (
				5AAC07111974913100352DC0 /* ECTAppDelegate.h */,
				5AAC07121974913100352DC0 /* ECTAppDelegate.m */,
				5AAC0731197491CB00352DC0 /* ECTViewController.h */,
				5AAC0732197491CB00352DC0 /* ECTViewController.m */,
				5AAC07141974913100352DC0 /* Images.xcassets */,
				5AAC07091974913100352DC0 /* Supporting Files */,
			);
			path = aacBeta;
			sourceTree = "<group>";
		};
		5AAC07091974913100352DC0 /* Supporting Files */ = {
			isa = PBXGroup;
			children = (
				5AAC070A1974913100352DC0 /* aacBeta-Info.plist */,
				5AAC070B1974913100352DC0 /* InfoPlist.strings */,
				5AAC070E1974913100352DC0 /* main.m */,
				5AAC07101974913100352DC0 /* aacBeta-Prefix.pch */,
			);
			name = "Supporting Files";
			sourceTree = "<group>";
		};
		5AAC07211974913100352DC0 /* aacBetaTests */ = {
			isa = PBXGroup;
			children = (
				5AAC07271974913100352DC0 /* aacBetaTests.m */,
				5AAC07221974913100352DC0 /* Supporting Files */,
			);
			path = aacBetaTests;
			sourceTree = "<group>";
		};
		5AAC07221974913100352DC0 /* Supporting Files */ = {
			isa = PBXGroup;
			children = (
				5AAC07231974913100352DC0 /* aacBetaTests-Info.plist */,
				5AAC07241974913100352DC0 /* InfoPlist.strings */,
			);
			name = "Supporting Files";
			sourceTree = "<group>";
		};
/* End PBXGroup section */

/* Begin PBXNativeTarget section */
		5AAC06FE1974913100352DC0 /* aacBeta */ = {
			isa = PBXNativeTarget;
			buildConfigurationList = 5AAC072B1974913100352DC0 /* Build configuration list for PBXNativeTarget "aacBeta" */;
			buildPhases = (
				5AAC06FB1974913100352DC0 /* Sources */,
				5AAC06FC1974913100352DC0 /* Frameworks */,
				5AAC06FD1974913100352DC0 /* Resources */,
			);
			buildRules = (
			);
			dependencies = (
			);
			name = aacBeta;
			productName = aacBeta;
			productReference = 5AAC06FF1974913100352DC0 /* aacBeta.app */;
			productType = "com.apple.product-type.application";
		};
		5AAC07191974913100352DC0 /* aacBetaTests */ = {
			isa = PBXNativeTarget;
			buildConfigurationList = 5AAC072E1974913100352DC0 /* Build configuration list for PBXNativeTarget "aacBetaTests" */;
			buildPhases = (
				5AAC07161974913100352DC0 /* Sources */,
				5AAC07171974913100352DC0 /* Frameworks */,
				5AAC07181974913100352DC0 /* Resources */,
			);
			buildRules = (
			);
			dependencies = (
				5AAC07201974913100352DC0 /* PBXTargetDependency */,
			);
			name = aacBetaTests;
			productName = aacBetaTests;
			productReference = 5AAC071A1974913100352DC0 /* aacBetaTests.xctest */;
			productType = "com.apple.product-type.bundle.unit-test";
		};
/* End PBXNativeTarget section */

/* Begin PBXProject section */
		5AAC06F71974913100352DC0 /* Project object */ = {
			isa = PBXProject;
			attributes = {
				CLASSPREFIX = ECT;
				LastUpgradeCheck = 0510;
				ORGANIZATIONNAME = com.excepapps;
				TargetAttributes = {
					5AAC07191974913100352DC0 = {
						TestTargetID = 5AAC06FE1974913100352DC0;
					};
				};
			};
			buildConfigurationList = 5AAC06FA1974913100352DC0 /* Build configuration list for PBXProject "aacBeta" */;
			compatibilityVersion = "Xcode 3.2";
			developmentRegion = English;
			hasScannedForEncodings = 0;
			knownRegions = (
				en,
			);
			mainGroup = 5AAC06F61974913100352DC0;
			productRefGroup = 5AAC07001974913100352DC0 /* Products */;
			projectDirPath = "";
			projectRoot = "";
			targets = (
				5AAC06FE1974913100352DC0 /* aacBeta */,
				5AAC07191974913100352DC0 /* aacBetaTests */,
			);
		};
/* End PBXProject section */

/* Begin PBXResourcesBuildPhase section */
		5AAC06FD1974913100352DC0 /* Resources */ = {
			isa = PBXResourcesBuildPhase;
			buildActionMask = 2147483647;
			files = (
				5AAC070D1974913100352DC0 /* InfoPlist.strings in Resources */,
				5AAC07151974913100352DC0 /* Images.xcassets in Resources */,
			);
			runOnlyForDeploymentPostprocessing = 0;
		};
		5AAC07181974913100352DC0 /* Resources */ = {
			isa = PBXResourcesBuildPhase;
			buildActionMask = 2147483647;
			files = (
				5AAC07261974913100352DC0 /* InfoPlist.strings in Resources */,
			);
			runOnlyForDeploymentPostprocessing = 0;
		};
/* End PBXResourcesBuildPhase section */

/* Begin PBXSourcesBuildPhase section */
		5AAC06FB1974913100352DC0 /* Sources */ = {
			isa = PBXSourcesBuildPhase;
			buildActionMask = 2147483647;
			files = (
				5AAC0733197491CB00352DC0 /* ECTViewController.m in Sources */,
				5AAC070F1974913100352DC0 /* main.m in Sources */,
				5AAC07131974913100352DC0 /* ECTAppDelegate.m in Sources */,
			);
			runOnlyForDeploymentPostprocessing = 0;
		};
		5AAC07161974913100352DC0 /* Sources */ = {
			isa = PBXSourcesBuildPhase;
			buildActionMask = 2147483647;
			files = (
				5AAC07281974913100352DC0 /* aacBetaTests.m in Sources */,
			);
			runOnlyForDeploymentPostprocessing = 0;
		};
/* End PBXSourcesBuildPhase section */

/* Begin PBXTargetDependency section */
		5AAC07201974913100352DC0 /* PBXTargetDependency */ = {
			isa = PBXTargetDependency;
			target = 5AAC06FE1974913100352DC0 /* aacBeta */;
			targetProxy = 5AAC071F1974913100352DC0 /* PBXContainerItemProxy */;
		};
/* End PBXTargetDependency section */

/* Begin PBXVariantGroup section */
		5AAC070B1974913100352DC0 /* InfoPlist.strings */ = {
			isa = PBXVariantGroup;
			children = (
				5AAC070C1974913100352DC0 /* en */,
			);
			name = InfoPlist.strings;
			sourceTree = "<group>";
		};
		5AAC07241974913100352DC0 /* InfoPlist.strings */ = {
			isa = PBXVariantGroup;
			children = (
				5AAC07251974913100352DC0 /* en */,
			);
			name = InfoPlist.strings;
			sourceTree = "<group>";
		};
/* End PBXVariantGroup section */

/* Begin XCBuildConfiguration section */
		5AAC07291974913100352DC0 /* Debug */ = {
			isa = XCBuildConfiguration;
			buildSettings = {
				ALWAYS_SEARCH_USER_PATHS = NO;
				CLANG_CXX_LANGUAGE_STANDARD = "gnu++0x";
				CLANG_CXX_LIBRARY = "libc++";
				CLANG_ENABLE_MODULES = YES;
				CLANG_ENABLE_OBJC_ARC = YES;
				CLANG_WARN_BOOL_CONVERSION = YES;
				CLANG_WARN_CONSTANT_CONVERSION = YES;
				CLANG_WARN_DIRECT_OBJC_ISA_USAGE = YES_ERROR;
				CLANG_WARN_EMPTY_BODY = YES;
				CLANG_WARN_ENUM_CONVERSION = YES;
				CLANG_WARN_INT_CONVERSION = YES;
				CLANG_WARN_OBJC_ROOT_CLASS = YES_ERROR;
				CLANG_WARN__DUPLICATE_METHOD_MATCH = YES;
				"CODE_SIGN_IDENTITY[sdk=iphoneos*]" = "iPhone Developer";
				COPY_PHASE_STRIP = NO;
				GCC_C_LANGUAGE_STANDARD = gnu99;
				GCC_DYNAMIC_NO_PIC = NO;
				GCC_OPTIMIZATION_LEVEL = 0;
				GCC_PREPROCESSOR_DEFINITIONS = (
					"DEBUG=1",
					"$(inherited)",
				);
				GCC_SYMBOLS_PRIVATE_EXTERN = NO;
				GCC_WARN_64_TO_32_BIT_CONVERSION = YES;
				GCC_WARN_ABOUT_RETURN_TYPE = YES_ERROR;
				GCC_WARN_UNDECLARED_SELECTOR = YES;
				GCC_WARN_UNINITIALIZED_AUTOS = YES_AGGRESSIVE;
				GCC_WARN_UNUSED_FUNCTION = YES;
				GCC_WARN_UNUSED_VARIABLE = YES;
				IPHONEOS_DEPLOYMENT_TARGET = 7.1;
				ONLY_ACTIVE_ARCH = YES;
				SDKROOT = iphoneos;
				TARGETED_DEVICE_FAMILY = "1,2";
			};
			name = Debug;
		};
		5AAC072A1974913100352DC0 /* Release */ = {
			isa = XCBuildConfiguration;
			buildSettings = {
				ALWAYS_SEARCH_USER_PATHS = NO;
				CLANG_CXX_LANGUAGE_STANDARD = "gnu++0x";
				CLANG_CXX_LIBRARY = "libc++";
				CLANG_ENABLE_MODULES = YES;
				CLANG_ENABLE_OBJC_ARC = YES;
				CLANG_WARN_BOOL_CONVERSION = YES;
				CLANG_WARN_CONSTANT_CONVERSION = YES;
				CLANG_WARN_DIRECT_OBJC_ISA_USAGE = YES_ERROR;
				CLANG_WARN_EMPTY_BODY = YES;
				CLANG_WARN_ENUM_CONVERSION = YES;
				CLANG_WARN_INT_CONVERSION = YES;
				CLANG_WARN_OBJC_ROOT_CLASS = YES_ERROR;
				CLANG_WARN__DUPLICATE_METHOD_MATCH = YES;
				"CODE_SIGN_IDENTITY[sdk=iphoneos*]" = "iPhone Developer";
				COPY_PHASE_STRIP = YES;
				ENABLE_NS_ASSERTIONS = NO;
				GCC_C_LANGUAGE_STANDARD = gnu99;
				GCC_WARN_64_TO_32_BIT_CONVERSION = YES;
				GCC_WARN_ABOUT_RETURN_TYPE = YES_ERROR;
				GCC_WARN_UNDECLARED_SELECTOR = YES;
				GCC_WARN_UNINITIALIZED_AUTOS = YES_AGGRESSIVE;
				GCC_WARN_UNUSED_FUNCTION = YES;
				GCC_WARN_UNUSED_VARIABLE = YES;
				IPHONEOS_DEPLOYMENT_TARGET = 7.1;
				SDKROOT = iphoneos;
				TARGETED_DEVICE_FAMILY = "1,2";
				VALIDATE_PRODUCT = YES;
			};
			name = Release;
		};
		5AAC072C1974913100352DC0 /* Debug */ = {
			isa = XCBuildConfiguration;
			buildSettings = {
				ASSETCATALOG_COMPILER_APPICON_NAME = AppIcon;
				ASSETCATALOG_COMPILER_LAUNCHIMAGE_NAME = LaunchImage;
				GCC_PRECOMPILE_PREFIX_HEADER = YES;
				GCC_PREFIX_HEADER = "aacBeta/aacBeta-Prefix.pch";
				INFOPLIST_FILE = "aacBeta/aacBeta-Info.plist";
				PRODUCT_NAME = "$(TARGET_NAME)";
				WRAPPER_EXTENSION = app;
			};
			name = Debug;
		};
		5AAC072D1974913100352DC0 /* Release */ = {
			isa = XCBuildConfiguration;
			buildSettings = {
				ASSETCATALOG_COMPILER_APPICON_NAME = AppIcon;
				ASSETCATALOG_COMPILER_LAUNCHIMAGE_NAME = LaunchImage;
				GCC_PRECOMPILE_PREFIX_HEADER = YES;
				GCC_PREFIX_HEADER = "aacBeta/aacBeta-Prefix.pch";
				INFOPLIST_FILE = "aacBeta/aacBeta-Info.plist";
				PRODUCT_NAME = "$(TARGET_NAME)";
				WRAPPER_EXTENSION = app;
			};
			name = Release;
		};
		5AAC072F1974913100352DC0 /* Debug */ = {
			isa = XCBuildConfiguration;
			buildSettings = {
				BUNDLE_LOADER = "$(BUILT_PRODUCTS_DIR)/aacBeta.app/aacBeta";
				FRAMEWORK_SEARCH_PATHS = (
					"$(SDKROOT)/Developer/Library/Frameworks",
					"$(inherited)",
					"$(DEVELOPER_FRAMEWORKS_DIR)",
				);
				GCC_PRECOMPILE_PREFIX_HEADER = YES;
				GCC_PREFIX_HEADER = "aacBeta/aacBeta-Prefix.pch";
				GCC_PREPROCESSOR_DEFINITIONS = (
					"DEBUG=1",
					"$(inherited)",
				);
				INFOPLIST_FILE = "aacBetaTests/aacBetaTests-Info.plist";
				PRODUCT_NAME = "$(TARGET_NAME)";
				TEST_HOST = "$(BUNDLE_LOADER)";
				WRAPPER_EXTENSION = xctest;
			};
			name = Debug;
		};
		5AAC07301974913100352DC0 /* Release */ = {
			isa = XCBuildConfiguration;
			buildSettings = {
				BUNDLE_LOADER = "$(BUILT_PRODUCTS_DIR)/aacBeta.app/aacBeta";
				FRAMEWORK_SEARCH_PATHS = (
					"$(SDKROOT)/Developer/Library/Frameworks",
					"$(inherited)",
					"$(DEVELOPER_FRAMEWORKS_DIR)",
				);
				GCC_PRECOMPILE_PREFIX_HEADER = YES;
				GCC_PREFIX_HEADER = "aacBeta/aacBeta-Prefix.pch";
				INFOPLIST_FILE = "aacBetaTests/aacBetaTests-Info.plist";
				PRODUCT_NAME = "$(TARGET_NAME)";
				TEST_HOST = "$(BUNDLE_LOADER)";
				WRAPPER_EXTENSION = xctest;
			};
			name = Release;
		};
/* End XCBuildConfiguration section */

/* Begin XCConfigurationList section */
		5AAC06FA1974913100352DC0 /* Build configuration list for PBXProject "aacBeta" */ = {
			isa = XCConfigurationList;
			buildConfigurations = (
				5AAC07291974913100352DC0 /* Debug */,
				5AAC072A1974913100352DC0 /* Release */,
			);
			defaultConfigurationIsVisible = 0;
			defaultConfigurationName = Release;
		};
		5AAC072B1974913100352DC0 /* Build configuration list for PBXNativeTarget "aacBeta" */ = {
			isa = XCConfigurationList;
			buildConfigurations = (
				5AAC072C1974913100352DC0 /* Debug */,
				5AAC072D1974913100352DC0 /* Release */,
			);
			defaultConfigurationIsVisible = 0;
		};
		5AAC072E1974913100352DC0 /* Build configuration list for PBXNativeTarget "aacBetaTests" */ = {
			isa = XCConfigurationList;
			buildConfigurations = (
				5AAC072F1974913100352DC0 /* Debug */,
				5AAC07301974913100352DC0 /* Release */,
			);
			defaultConfigurationIsVisible = 0;
		};
/* End XCConfigurationList section */
	};
	rootObject = 5AAC06F71974913100352DC0 /* Project object */;
}
