// !$*UTF8*$!
{
	archiveVersion = 1;
	classes = {
	};
	objectVersion = 46;
	objects = {

/* Begin PBXBuildFile section */
		5A6ED9EE1971226600EC4C8B /* Foundation.framework in Frameworks */ = {isa = PBXBuildFile; fileRef = 5A6ED9ED1971226600EC4C8B /* Foundation.framework */; };
		5A6ED9F01971226600EC4C8B /* CoreGraphics.framework in Frameworks */ = {isa = PBXBuildFile; fileRef = 5A6ED9EF1971226600EC4C8B /* CoreGraphics.framework */; };
		5A6ED9F21971226600EC4C8B /* UIKit.framework in Frameworks */ = {isa = PBXBuildFile; fileRef = 5A6ED9F11971226600EC4C8B /* UIKit.framework */; };
		5A6ED9F81971226600EC4C8B /* InfoPlist.strings in Resources */ = {isa = PBXBuildFile; fileRef = 5A6ED9F61971226600EC4C8B /* InfoPlist.strings */; };
		5A6ED9FA1971226600EC4C8B /* main.m in Sources */ = {isa = PBXBuildFile; fileRef = 5A6ED9F91971226600EC4C8B /* main.m */; };
		5A6ED9FE1971226600EC4C8B /* ECTAppDelegate.m in Sources */ = {isa = PBXBuildFile; fileRef = 5A6ED9FD1971226600EC4C8B /* ECTAppDelegate.m */; };
		5A6EDA001971226600EC4C8B /* Images.xcassets in Resources */ = {isa = PBXBuildFile; fileRef = 5A6ED9FF1971226600EC4C8B /* Images.xcassets */; };
		5A6EDA071971226600EC4C8B /* XCTest.framework in Frameworks */ = {isa = PBXBuildFile; fileRef = 5A6EDA061971226600EC4C8B /* XCTest.framework */; };
		5A6EDA081971226600EC4C8B /* Foundation.framework in Frameworks */ = {isa = PBXBuildFile; fileRef = 5A6ED9ED1971226600EC4C8B /* Foundation.framework */; };
		5A6EDA091971226600EC4C8B /* UIKit.framework in Frameworks */ = {isa = PBXBuildFile; fileRef = 5A6ED9F11971226600EC4C8B /* UIKit.framework */; };
		5A6EDA111971226600EC4C8B /* InfoPlist.strings in Resources */ = {isa = PBXBuildFile; fileRef = 5A6EDA0F1971226600EC4C8B /* InfoPlist.strings */; };
		5A6EDA131971226600EC4C8B /* testraaTests.m in Sources */ = {isa = PBXBuildFile; fileRef = 5A6EDA121971226600EC4C8B /* testraaTests.m */; };
		5A6EDA1E1971234700EC4C8B /* ECTTestViewController.m in Sources */ = {isa = PBXBuildFile; fileRef = 5A6EDA1D1971234700EC4C8B /* ECTTestViewController.m */; };
/* End PBXBuildFile section */

/* Begin PBXContainerItemProxy section */
		5A6EDA0A1971226600EC4C8B /* PBXContainerItemProxy */ = {
			isa = PBXContainerItemProxy;
			containerPortal = 5A6ED9E21971226600EC4C8B /* Project object */;
			proxyType = 1;
			remoteGlobalIDString = 5A6ED9E91971226600EC4C8B;
			remoteInfo = testraa;
		};
/* End PBXContainerItemProxy section */

/* Begin PBXFileReference section */
		5A6ED9EA1971226600EC4C8B /* testraa.app */ = {isa = PBXFileReference; explicitFileType = wrapper.application; includeInIndex = 0; path = testraa.app; sourceTree = BUILT_PRODUCTS_DIR; };
		5A6ED9ED1971226600EC4C8B /* Foundation.framework */ = {isa = PBXFileReference; lastKnownFileType = wrapper.framework; name = Foundation.framework; path = System/Library/Frameworks/Foundation.framework; sourceTree = SDKROOT; };
		5A6ED9EF1971226600EC4C8B /* CoreGraphics.framework */ = {isa = PBXFileReference; lastKnownFileType = wrapper.framework; name = CoreGraphics.framework; path = System/Library/Frameworks/CoreGraphics.framework; sourceTree = SDKROOT; };
		5A6ED9F11971226600EC4C8B /* UIKit.framework */ = {isa = PBXFileReference; lastKnownFileType = wrapper.framework; name = UIKit.framework; path = System/Library/Frameworks/UIKit.framework; sourceTree = SDKROOT; };
		5A6ED9F51971226600EC4C8B /* testraa-Info.plist */ = {isa = PBXFileReference; lastKnownFileType = text.plist.xml; path = "testraa-Info.plist"; sourceTree = "<group>"; };
		5A6ED9F71971226600EC4C8B /* en */ = {isa = PBXFileReference; lastKnownFileType = text.plist.strings; name = en; path = en.lproj/InfoPlist.strings; sourceTree = "<group>"; };
		5A6ED9F91971226600EC4C8B /* main.m */ = {isa = PBXFileReference; lastKnownFileType = sourcecode.c.objc; path = main.m; sourceTree = "<group>"; };
		5A6ED9FB1971226600EC4C8B /* testraa-Prefix.pch */ = {isa = PBXFileReference; lastKnownFileType = sourcecode.c.h; path = "testraa-Prefix.pch"; sourceTree = "<group>"; };
		5A6ED9FC1971226600EC4C8B /* ECTAppDelegate.h */ = {isa = PBXFileReference; lastKnownFileType = sourcecode.c.h; path = ECTAppDelegate.h; sourceTree = "<group>"; };
		5A6ED9FD1971226600EC4C8B /* ECTAppDelegate.m */ = {isa = PBXFileReference; lastKnownFileType = sourcecode.c.objc; path = ECTAppDelegate.m; sourceTree = "<group>"; };
		5A6ED9FF1971226600EC4C8B /* Images.xcassets */ = {isa = PBXFileReference; lastKnownFileType = folder.assetcatalog; path = Images.xcassets; sourceTree = "<group>"; };
		5A6EDA051971226600EC4C8B /* testraaTests.xctest */ = {isa = PBXFileReference; explicitFileType = wrapper.cfbundle; includeInIndex = 0; path = testraaTests.xctest; sourceTree = BUILT_PRODUCTS_DIR; };
		5A6EDA061971226600EC4C8B /* XCTest.framework */ = {isa = PBXFileReference; lastKnownFileType = wrapper.framework; name = XCTest.framework; path = Library/Frameworks/XCTest.framework; sourceTree = DEVELOPER_DIR; };
		5A6EDA0E1971226600EC4C8B /* testraaTests-Info.plist */ = {isa = PBXFileReference; lastKnownFileType = text.plist.xml; path = "testraaTests-Info.plist"; sourceTree = "<group>"; };
		5A6EDA101971226600EC4C8B /* en */ = {isa = PBXFileReference; lastKnownFileType = text.plist.strings; name = en; path = en.lproj/InfoPlist.strings; sourceTree = "<group>"; };
		5A6EDA121971226600EC4C8B /* testraaTests.m */ = {isa = PBXFileReference; lastKnownFileType = sourcecode.c.objc; path = testraaTests.m; sourceTree = "<group>"; };
		5A6EDA1C1971234700EC4C8B /* ECTTestViewController.h */ = {isa = PBXFileReference; fileEncoding = 4; lastKnownFileType = sourcecode.c.h; path = ECTTestViewController.h; sourceTree = "<group>"; };
		5A6EDA1D1971234700EC4C8B /* ECTTestViewController.m */ = {isa = PBXFileReference; fileEncoding = 4; lastKnownFileType = sourcecode.c.objc; path = ECTTestViewController.m; sourceTree = "<group>"; };
/* End PBXFileReference section */

/* Begin PBXFrameworksBuildPhase section */
		5A6ED9E71971226600EC4C8B /* Frameworks */ = {
			isa = PBXFrameworksBuildPhase;
			buildActionMask = 2147483647;
			files = (
				5A6ED9F01971226600EC4C8B /* CoreGraphics.framework in Frameworks */,
				5A6ED9F21971226600EC4C8B /* UIKit.framework in Frameworks */,
				5A6ED9EE1971226600EC4C8B /* Foundation.framework in Frameworks */,
			);
			runOnlyForDeploymentPostprocessing = 0;
		};
		5A6EDA021971226600EC4C8B /* Frameworks */ = {
			isa = PBXFrameworksBuildPhase;
			buildActionMask = 2147483647;
			files = (
				5A6EDA071971226600EC4C8B /* XCTest.framework in Frameworks */,
				5A6EDA091971226600EC4C8B /* UIKit.framework in Frameworks */,
				5A6EDA081971226600EC4C8B /* Foundation.framework in Frameworks */,
			);
			runOnlyForDeploymentPostprocessing = 0;
		};
/* End PBXFrameworksBuildPhase section */

/* Begin PBXGroup section */
		5A6ED9E11971226600EC4C8B = {
			isa = PBXGroup;
			children = (
				5A6ED9F31971226600EC4C8B /* testraa */,
				5A6EDA0C1971226600EC4C8B /* testraaTests */,
				5A6ED9EC1971226600EC4C8B /* Frameworks */,
				5A6ED9EB1971226600EC4C8B /* Products */,
			);
			sourceTree = "<group>";
		};
		5A6ED9EB1971226600EC4C8B /* Products */ = {
			isa = PBXGroup;
			children = (
				5A6ED9EA1971226600EC4C8B /* testraa.app */,
				5A6EDA051971226600EC4C8B /* testraaTests.xctest */,
			);
			name = Products;
			sourceTree = "<group>";
		};
		5A6ED9EC1971226600EC4C8B /* Frameworks */ = {
			isa = PBXGroup;
			children = (
				5A6ED9ED1971226600EC4C8B /* Foundation.framework */,
				5A6ED9EF1971226600EC4C8B /* CoreGraphics.framework */,
				5A6ED9F11971226600EC4C8B /* UIKit.framework */,
				5A6EDA061971226600EC4C8B /* XCTest.framework */,
			);
			name = Frameworks;
			sourceTree = "<group>";
		};
		5A6ED9F31971226600EC4C8B /* testraa */ = {
			isa = PBXGroup;
			children = (
				5A6ED9FC1971226600EC4C8B /* ECTAppDelegate.h */,
				5A6ED9FD1971226600EC4C8B /* ECTAppDelegate.m */,
				5A6EDA1C1971234700EC4C8B /* ECTTestViewController.h */,
				5A6EDA1D1971234700EC4C8B /* ECTTestViewController.m */,
				5A6ED9FF1971226600EC4C8B /* Images.xcassets */,
				5A6ED9F41971226600EC4C8B /* Supporting Files */,
			);
			path = testraa;
			sourceTree = "<group>";
		};
		5A6ED9F41971226600EC4C8B /* Supporting Files */ = {
			isa = PBXGroup;
			children = (
				5A6ED9F51971226600EC4C8B /* testraa-Info.plist */,
				5A6ED9F61971226600EC4C8B /* InfoPlist.strings */,
				5A6ED9F91971226600EC4C8B /* main.m */,
				5A6ED9FB1971226600EC4C8B /* testraa-Prefix.pch */,
			);
			name = "Supporting Files";
			sourceTree = "<group>";
		};
		5A6EDA0C1971226600EC4C8B /* testraaTests */ = {
			isa = PBXGroup;
			children = (
				5A6EDA121971226600EC4C8B /* testraaTests.m */,
				5A6EDA0D1971226600EC4C8B /* Supporting Files */,
			);
			path = testraaTests;
			sourceTree = "<group>";
		};
		5A6EDA0D1971226600EC4C8B /* Supporting Files */ = {
			isa = PBXGroup;
			children = (
				5A6EDA0E1971226600EC4C8B /* testraaTests-Info.plist */,
				5A6EDA0F1971226600EC4C8B /* InfoPlist.strings */,
			);
			name = "Supporting Files";
			sourceTree = "<group>";
		};
/* End PBXGroup section */

/* Begin PBXNativeTarget section */
		5A6ED9E91971226600EC4C8B /* testraa */ = {
			isa = PBXNativeTarget;
			buildConfigurationList = 5A6EDA161971226600EC4C8B /* Build configuration list for PBXNativeTarget "testraa" */;
			buildPhases = (
				5A6ED9E61971226600EC4C8B /* Sources */,
				5A6ED9E71971226600EC4C8B /* Frameworks */,
				5A6ED9E81971226600EC4C8B /* Resources */,
			);
			buildRules = (
			);
			dependencies = (
			);
			name = testraa;
			productName = testraa;
			productReference = 5A6ED9EA1971226600EC4C8B /* testraa.app */;
			productType = "com.apple.product-type.application";
		};
		5A6EDA041971226600EC4C8B /* testraaTests */ = {
			isa = PBXNativeTarget;
			buildConfigurationList = 5A6EDA191971226600EC4C8B /* Build configuration list for PBXNativeTarget "testraaTests" */;
			buildPhases = (
				5A6EDA011971226600EC4C8B /* Sources */,
				5A6EDA021971226600EC4C8B /* Frameworks */,
				5A6EDA031971226600EC4C8B /* Resources */,
			);
			buildRules = (
			);
			dependencies = (
				5A6EDA0B1971226600EC4C8B /* PBXTargetDependency */,
			);
			name = testraaTests;
			productName = testraaTests;
			productReference = 5A6EDA051971226600EC4C8B /* testraaTests.xctest */;
			productType = "com.apple.product-type.bundle.unit-test";
		};
/* End PBXNativeTarget section */

/* Begin PBXProject section */
		5A6ED9E21971226600EC4C8B /* Project object */ = {
			isa = PBXProject;
			attributes = {
				CLASSPREFIX = ECT;
				LastUpgradeCheck = 0510;
				ORGANIZATIONNAME = com.excepapps;
				TargetAttributes = {
					5A6EDA041971226600EC4C8B = {
						TestTargetID = 5A6ED9E91971226600EC4C8B;
					};
				};
			};
			buildConfigurationList = 5A6ED9E51971226600EC4C8B /* Build configuration list for PBXProject "testraa" */;
			compatibilityVersion = "Xcode 3.2";
			developmentRegion = English;
			hasScannedForEncodings = 0;
			knownRegions = (
				en,
			);
			mainGroup = 5A6ED9E11971226600EC4C8B;
			productRefGroup = 5A6ED9EB1971226600EC4C8B /* Products */;
			projectDirPath = "";
			projectRoot = "";
			targets = (
				5A6ED9E91971226600EC4C8B /* testraa */,
				5A6EDA041971226600EC4C8B /* testraaTests */,
			);
		};
/* End PBXProject section */

/* Begin PBXResourcesBuildPhase section */
		5A6ED9E81971226600EC4C8B /* Resources */ = {
			isa = PBXResourcesBuildPhase;
			buildActionMask = 2147483647;
			files = (
				5A6ED9F81971226600EC4C8B /* InfoPlist.strings in Resources */,
				5A6EDA001971226600EC4C8B /* Images.xcassets in Resources */,
			);
			runOnlyForDeploymentPostprocessing = 0;
		};
		5A6EDA031971226600EC4C8B /* Resources */ = {
			isa = PBXResourcesBuildPhase;
			buildActionMask = 2147483647;
			files = (
				5A6EDA111971226600EC4C8B /* InfoPlist.strings in Resources */,
			);
			runOnlyForDeploymentPostprocessing = 0;
		};
/* End PBXResourcesBuildPhase section */

/* Begin PBXSourcesBuildPhase section */
		5A6ED9E61971226600EC4C8B /* Sources */ = {
			isa = PBXSourcesBuildPhase;
			buildActionMask = 2147483647;
			files = (
				5A6ED9FA1971226600EC4C8B /* main.m in Sources */,
				5A6EDA1E1971234700EC4C8B /* ECTTestViewController.m in Sources */,
				5A6ED9FE1971226600EC4C8B /* ECTAppDelegate.m in Sources */,
			);
			runOnlyForDeploymentPostprocessing = 0;
		};
		5A6EDA011971226600EC4C8B /* Sources */ = {
			isa = PBXSourcesBuildPhase;
			buildActionMask = 2147483647;
			files = (
				5A6EDA131971226600EC4C8B /* testraaTests.m in Sources */,
			);
			runOnlyForDeploymentPostprocessing = 0;
		};
/* End PBXSourcesBuildPhase section */

/* Begin PBXTargetDependency section */
		5A6EDA0B1971226600EC4C8B /* PBXTargetDependency */ = {
			isa = PBXTargetDependency;
			target = 5A6ED9E91971226600EC4C8B /* testraa */;
			targetProxy = 5A6EDA0A1971226600EC4C8B /* PBXContainerItemProxy */;
		};
/* End PBXTargetDependency section */

/* Begin PBXVariantGroup section */
		5A6ED9F61971226600EC4C8B /* InfoPlist.strings */ = {
			isa = PBXVariantGroup;
			children = (
				5A6ED9F71971226600EC4C8B /* en */,
			);
			name = InfoPlist.strings;
			sourceTree = "<group>";
		};
		5A6EDA0F1971226600EC4C8B /* InfoPlist.strings */ = {
			isa = PBXVariantGroup;
			children = (
				5A6EDA101971226600EC4C8B /* en */,
			);
			name = InfoPlist.strings;
			sourceTree = "<group>";
		};
/* End PBXVariantGroup section */

/* Begin XCBuildConfiguration section */
		5A6EDA141971226600EC4C8B /* Debug */ = {
			isa = XCBuildConfiguration;
			buildSettings = {
				ALWAYS_SEARCH_USER_PATHS = NO;
				CLANG_CXX_LANGUAGE_STANDARD = "gnu++0x";
				CLANG_CXX_LIBRARY = "libc++";
				CLANG_ENABLE_MODULES = YES;
				CLANG_ENABLE_OBJC_ARC = YES;
				CLANG_WARN_BOOL_CONVERSION = YES;
				CLANG_WARN_CONSTANT_CONVERSION = YES;
				CLANG_WARN_DIRECT_OBJC_ISA_USAGE = YES_ERROR;
				CLANG_WARN_EMPTY_BODY = YES;
				CLANG_WARN_ENUM_CONVERSION = YES;
				CLANG_WARN_INT_CONVERSION = YES;
				CLANG_WARN_OBJC_ROOT_CLASS = YES_ERROR;
				CLANG_WARN__DUPLICATE_METHOD_MATCH = YES;
				"CODE_SIGN_IDENTITY[sdk=iphoneos*]" = "iPhone Developer";
				COPY_PHASE_STRIP = NO;
				GCC_C_LANGUAGE_STANDARD = gnu99;
				GCC_DYNAMIC_NO_PIC = NO;
				GCC_OPTIMIZATION_LEVEL = 0;
				GCC_PREPROCESSOR_DEFINITIONS = (
					"DEBUG=1",
					"$(inherited)",
				);
				GCC_SYMBOLS_PRIVATE_EXTERN = NO;
				GCC_WARN_64_TO_32_BIT_CONVERSION = YES;
				GCC_WARN_ABOUT_RETURN_TYPE = YES_ERROR;
				GCC_WARN_UNDECLARED_SELECTOR = YES;
				GCC_WARN_UNINITIALIZED_AUTOS = YES_AGGRESSIVE;
				GCC_WARN_UNUSED_FUNCTION = YES;
				GCC_WARN_UNUSED_VARIABLE = YES;
				IPHONEOS_DEPLOYMENT_TARGET = 7.1;
				ONLY_ACTIVE_ARCH = YES;
				SDKROOT = iphoneos;
				TARGETED_DEVICE_FAMILY = "1,2";
			};
			name = Debug;
		};
		5A6EDA151971226600EC4C8B /* Release */ = {
			isa = XCBuildConfiguration;
			buildSettings = {
				ALWAYS_SEARCH_USER_PATHS = NO;
				CLANG_CXX_LANGUAGE_STANDARD = "gnu++0x";
				CLANG_CXX_LIBRARY = "libc++";
				CLANG_ENABLE_MODULES = YES;
				CLANG_ENABLE_OBJC_ARC = YES;
				CLANG_WARN_BOOL_CONVERSION = YES;
				CLANG_WARN_CONSTANT_CONVERSION = YES;
				CLANG_WARN_DIRECT_OBJC_ISA_USAGE = YES_ERROR;
				CLANG_WARN_EMPTY_BODY = YES;
				CLANG_WARN_ENUM_CONVERSION = YES;
				CLANG_WARN_INT_CONVERSION = YES;
				CLANG_WARN_OBJC_ROOT_CLASS = YES_ERROR;
				CLANG_WARN__DUPLICATE_METHOD_MATCH = YES;
				"CODE_SIGN_IDENTITY[sdk=iphoneos*]" = "iPhone Developer";
				COPY_PHASE_STRIP = YES;
				ENABLE_NS_ASSERTIONS = NO;
				GCC_C_LANGUAGE_STANDARD = gnu99;
				GCC_WARN_64_TO_32_BIT_CONVERSION = YES;
				GCC_WARN_ABOUT_RETURN_TYPE = YES_ERROR;
				GCC_WARN_UNDECLARED_SELECTOR = YES;
				GCC_WARN_UNINITIALIZED_AUTOS = YES_AGGRESSIVE;
				GCC_WARN_UNUSED_FUNCTION = YES;
				GCC_WARN_UNUSED_VARIABLE = YES;
				IPHONEOS_DEPLOYMENT_TARGET = 7.1;
				SDKROOT = iphoneos;
				TARGETED_DEVICE_FAMILY = "1,2";
				VALIDATE_PRODUCT = YES;
			};
			name = Release;
		};
		5A6EDA171971226600EC4C8B /* Debug */ = {
			isa = XCBuildConfiguration;
			buildSettings = {
				ASSETCATALOG_COMPILER_APPICON_NAME = AppIcon;
				ASSETCATALOG_COMPILER_LAUNCHIMAGE_NAME = LaunchImage;
				GCC_PRECOMPILE_PREFIX_HEADER = YES;
				GCC_PREFIX_HEADER = "testraa/testraa-Prefix.pch";
				INFOPLIST_FILE = "testraa/testraa-Info.plist";
				PRODUCT_NAME = "$(TARGET_NAME)";
				WRAPPER_EXTENSION = app;
			};
			name = Debug;
		};
		5A6EDA181971226600EC4C8B /* Release */ = {
			isa = XCBuildConfiguration;
			buildSettings = {
				ASSETCATALOG_COMPILER_APPICON_NAME = AppIcon;
				ASSETCATALOG_COMPILER_LAUNCHIMAGE_NAME = LaunchImage;
				GCC_PRECOMPILE_PREFIX_HEADER = YES;
				GCC_PREFIX_HEADER = "testraa/testraa-Prefix.pch";
				INFOPLIST_FILE = "testraa/testraa-Info.plist";
				PRODUCT_NAME = "$(TARGET_NAME)";
				WRAPPER_EXTENSION = app;
			};
			name = Release;
		};
		5A6EDA1A1971226600EC4C8B /* Debug */ = {
			isa = XCBuildConfiguration;
			buildSettings = {
				BUNDLE_LOADER = "$(BUILT_PRODUCTS_DIR)/testraa.app/testraa";
				FRAMEWORK_SEARCH_PATHS = (
					"$(SDKROOT)/Developer/Library/Frameworks",
					"$(inherited)",
					"$(DEVELOPER_FRAMEWORKS_DIR)",
				);
				GCC_PRECOMPILE_PREFIX_HEADER = YES;
				GCC_PREFIX_HEADER = "testraa/testraa-Prefix.pch";
				GCC_PREPROCESSOR_DEFINITIONS = (
					"DEBUG=1",
					"$(inherited)",
				);
				INFOPLIST_FILE = "testraaTests/testraaTests-Info.plist";
				PRODUCT_NAME = "$(TARGET_NAME)";
				TEST_HOST = "$(BUNDLE_LOADER)";
				WRAPPER_EXTENSION = xctest;
			};
			name = Debug;
		};
		5A6EDA1B1971226600EC4C8B /* Release */ = {
			isa = XCBuildConfiguration;
			buildSettings = {
				BUNDLE_LOADER = "$(BUILT_PRODUCTS_DIR)/testraa.app/testraa";
				FRAMEWORK_SEARCH_PATHS = (
					"$(SDKROOT)/Developer/Library/Frameworks",
					"$(inherited)",
					"$(DEVELOPER_FRAMEWORKS_DIR)",
				);
				GCC_PRECOMPILE_PREFIX_HEADER = YES;
				GCC_PREFIX_HEADER = "testraa/testraa-Prefix.pch";
				INFOPLIST_FILE = "testraaTests/testraaTests-Info.plist";
				PRODUCT_NAME = "$(TARGET_NAME)";
				TEST_HOST = "$(BUNDLE_LOADER)";
				WRAPPER_EXTENSION = xctest;
			};
			name = Release;
		};
/* End XCBuildConfiguration section */

/* Begin XCConfigurationList section */
		5A6ED9E51971226600EC4C8B /* Build configuration list for PBXProject "testraa" */ = {
			isa = XCConfigurationList;
			buildConfigurations = (
				5A6EDA141971226600EC4C8B /* Debug */,
				5A6EDA151971226600EC4C8B /* Release */,
			);
			defaultConfigurationIsVisible = 0;
			defaultConfigurationName = Release;
		};
		5A6EDA161971226600EC4C8B /* Build configuration list for PBXNativeTarget "testraa" */ = {
			isa = XCConfigurationList;
			buildConfigurations = (
				5A6EDA171971226600EC4C8B /* Debug */,
				5A6EDA181971226600EC4C8B /* Release */,
			);
			defaultConfigurationIsVisible = 0;
		};
		5A6EDA191971226600EC4C8B /* Build configuration list for PBXNativeTarget "testraaTests" */ = {
			isa = XCConfigurationList;
			buildConfigurations = (
				5A6EDA1A1971226600EC4C8B /* Debug */,
				5A6EDA1B1971226600EC4C8B /* Release */,
			);
			defaultConfigurationIsVisible = 0;
		};
/* End XCConfigurationList section */
	};
	rootObject = 5A6ED9E21971226600EC4C8B /* Project object */;
}
